{
    "version": 3,
    "terraform_version": "0.11.7",
    "serial": 0,
    "lineage": "d305afcb-a91d-d5fa-2c30-b2a9ac172bf5",
    "modules": [
        {
            "path": [
                "root"
            ],
            "outputs": {
                "service_ip": {
                    "sensitive": false,
                    "type": "string",
                    "value": "10.25.208.55"
                },
                "service_port": {
                    "sensitive": false,
                    "type": "string",
                    "value": "6443"
                }
            },
            "resources": {
                "openstack_compute_floatingip_associate_v2.float_assoc-master": {
                    "type": "openstack_compute_floatingip_associate_v2",
                    "depends_on": [
                        "local.num_masters",
                        "openstack_compute_instance_v2.dumb-master",
                        "openstack_compute_instance_v2.dumb-master.*",
                        "openstack_networking_floatingip_v2.float-master",
                        "openstack_networking_floatingip_v2.float-master.*"
                    ],
                    "primary": {
                        "id": "10.25.208.55/d61613e4-12fc-43cd-93de-754c21543a7d/",
                        "attributes": {
                            "fixed_ip": "",
                            "floating_ip": "10.25.208.55",
                            "id": "10.25.208.55/d61613e4-12fc-43cd-93de-754c21543a7d/",
                            "instance_id": "d61613e4-12fc-43cd-93de-754c21543a7d",
                            "region": ""
                        },
                        "meta": {
                            "e2bfb730-ecaa-11e6-8f88-34363bc7c4c0": {
                                "create": 600000000000
                            }
                        },
                        "tainted": false
                    },
                    "deposed": [],
                    "provider": "provider.openstack"
                },
                "openstack_compute_floatingip_associate_v2.float_assoc-worker": {
                    "type": "openstack_compute_floatingip_associate_v2",
                    "depends_on": [
                        "local.num_workers",
                        "openstack_compute_instance_v2.dumb-worker",
                        "openstack_compute_instance_v2.dumb-worker.*",
                        "openstack_networking_floatingip_v2.float-worker",
                        "openstack_networking_floatingip_v2.float-worker.*"
                    ],
                    "primary": {
                        "id": "10.25.208.59/73cc5656-c237-4ac4-985a-cc380fc699b1/",
                        "attributes": {
                            "fixed_ip": "",
                            "floating_ip": "10.25.208.59",
                            "id": "10.25.208.59/73cc5656-c237-4ac4-985a-cc380fc699b1/",
                            "instance_id": "73cc5656-c237-4ac4-985a-cc380fc699b1",
                            "region": ""
                        },
                        "meta": {
                            "e2bfb730-ecaa-11e6-8f88-34363bc7c4c0": {
                                "create": 600000000000
                            }
                        },
                        "tainted": false
                    },
                    "deposed": [],
                    "provider": "provider.openstack"
                },
                "openstack_compute_instance_v2.dumb-master": {
                    "type": "openstack_compute_instance_v2",
                    "depends_on": [
                        "local.cluster_name",
                        "local.num_masters",
                        "openstack_compute_keypair_v2.keypair",
                        "openstack_networking_floatingip_v2.float-master"
                    ],
                    "primary": {
                        "id": "d61613e4-12fc-43cd-93de-754c21543a7d",
                        "attributes": {
                            "access_ip_v4": "192.168.0.10",
                            "access_ip_v6": "",
                            "all_metadata.%": "0",
                            "availability_zone": "nova",
                            "flavor_id": "4",
                            "flavor_name": "m1.large",
                            "force_delete": "false",
                            "id": "d61613e4-12fc-43cd-93de-754c21543a7d",
                            "image_id": "40a2e1b4-1431-4592-ab6b-94712b84c59e",
                            "image_name": "KubekitOS_1.10.2_u3_7.18.18",
                            "key_pair": "test-cluster-keypair",
                            "name": "test-cluster-master-01",
                            "network.#": "1",
                            "network.0.access_network": "true",
                            "network.0.fixed_ip_v4": "192.168.0.10",
                            "network.0.fixed_ip_v6": "",
                            "network.0.floating_ip": "",
                            "network.0.mac": "fa:16:3e:01:59:91",
                            "network.0.name": "kubekit-net",
                            "network.0.port": "",
                            "network.0.uuid": "74d09da4-63dd-43f1-9d7b-cd41454a420f",
                            "power_state": "active",
                            "region": "",
                            "security_groups.#": "1",
                            "security_groups.3814588639": "default",
                            "stop_before_destroy": "false"
                        },
                        "meta": {
                            "e2bfb730-ecaa-11e6-8f88-34363bc7c4c0": {
                                "create": 1800000000000,
                                "delete": 1800000000000,
                                "update": 1800000000000
                            }
                        },
                        "tainted": false
                    },
                    "deposed": [],
                    "provider": "provider.openstack"
                },
                "openstack_compute_instance_v2.dumb-worker": {
                    "type": "openstack_compute_instance_v2",
                    "depends_on": [
                        "local.cluster_name",
                        "local.num_workers",
                        "openstack_compute_keypair_v2.keypair",
                        "openstack_networking_floatingip_v2.float-worker"
                    ],
                    "primary": {
                        "id": "73cc5656-c237-4ac4-985a-cc380fc699b1",
                        "attributes": {
                            "access_ip_v4": "192.168.0.3",
                            "access_ip_v6": "",
                            "all_metadata.%": "0",
                            "availability_zone": "nova",
                            "flavor_id": "6",
                            "flavor_name": "m1.2xlarge",
                            "force_delete": "false",
                            "id": "73cc5656-c237-4ac4-985a-cc380fc699b1",
                            "image_id": "40a2e1b4-1431-4592-ab6b-94712b84c59e",
                            "image_name": "KubekitOS_1.10.2_u3_7.18.18",
                            "key_pair": "test-cluster-keypair",
                            "name": "test-cluster-worker-01",
                            "network.#": "1",
                            "network.0.access_network": "true",
                            "network.0.fixed_ip_v4": "192.168.0.3",
                            "network.0.fixed_ip_v6": "",
                            "network.0.floating_ip": "",
                            "network.0.mac": "fa:16:3e:07:c2:e0",
                            "network.0.name": "kubekit-net",
                            "network.0.port": "",
                            "network.0.uuid": "74d09da4-63dd-43f1-9d7b-cd41454a420f",
                            "power_state": "active",
                            "region": "",
                            "security_groups.#": "1",
                            "security_groups.3814588639": "default",
                            "stop_before_destroy": "false"
                        },
                        "meta": {
                            "e2bfb730-ecaa-11e6-8f88-34363bc7c4c0": {
                                "create": 1800000000000,
                                "delete": 1800000000000,
                                "update": 1800000000000
                            }
                        },
                        "tainted": false
                    },
                    "deposed": [],
                    "provider": "provider.openstack"
                },
                "openstack_compute_keypair_v2.keypair": {
                    "type": "openstack_compute_keypair_v2",
                    "depends_on": [
                        "local.cluster_name"
                    ],
                    "primary": {
                        "id": "test-cluster-keypair",
                        "attributes": {
                            "fingerprint": "15:fc:92:8c:88:79:be:df:76:32:7c:0c:af:16:27:16",
                            "id": "test-cluster-keypair",
                            "name": "test-cluster-keypair",
                            "private_key": "",
                            "public_key": "ssh-rsa AAAAB3NzaC1yc2EAAAADAQABAAACAQDegsMF/jRtH7B8RmMnHpFMLh2Q/vfrKDYzcPuOZu3jSicZzjIj6Xoh4jrEuvVwSzdBsOAlUfKeX0E12bMDKFcxiAwiFMeMj0f+t5ydaqrHVyXLWYRJcEX3cwvAAaQFaCsGQoXDe1IGDTZqBZqrDLnxgyDZJIL9xV+kk13sRCa3evRoeEnQApB7JNlkMMFwBbnnfDdDYJpQHVZJnVZPwW6gV2mVW6RqGEnSBNi2jb115yuOgkSo0efsiUCniRVLHAMN0h86Hxvb5d5Id2gvpu39SjxA1BwvYq9AP5orQiAjQlnp1pnku45O7oSMi2PX5GKqm0WPQHQI8DnKPuX9cfQaPa5N2kAgMAQhUHiizKAEZm1uPGjwhSRKDrbIZLSwiJLp7YRwzTJIOEzi6dfE4e6U5lYbalLGMmibJ5LrZwC1+hxFVM3bps1F+lO+bGJo41X29xeQ0rNHECfmJXjklEIptwPgElS0Vr3e1mevbEODeq60W0IoJSSd3jQXUYVVwPWJ1LuDsjzz01piXRZNsbewSgTn45fSvA8gWZdJZmEJzqILn7X1eFgZ6UGEyBv1Mam4k0sHlEQhxQmNfq8zsNm6z2TYeM5D9EyykMB/3GnPnCFx2xj1OH7SJwbITheHHVrPVg484JsmZ2qvphqOB4EsGEyxK+igtoMUllwUAfqeNQ== user@github.com\n",
                            "region": "RegionOne"
                        },
                        "meta": {},
                        "tainted": false
                    },
                    "deposed": [],
                    "provider": "provider.openstack"
                },
                "openstack_networking_floatingip_v2.float-master": {
                    "type": "openstack_networking_floatingip_v2",
                    "depends_on": [
                        "local.num_masters"
                    ],
                    "primary": {
                        "id": "4976fe00-df48-480e-9523-e2d8778e6d1e",
                        "attributes": {
                            "address": "10.25.208.55",
                            "fixed_ip": "192.168.0.10",
                            "id": "4976fe00-df48-480e-9523-e2d8778e6d1e",
                            "pool": "public",
                            "port_id": "a20b05a4-5a24-4547-9be1-9d9125cea677",
                            "region": "",
                            "tenant_id": "ec03001087b54d8bbde632673661fece"
                        },
                        "meta": {
                            "e2bfb730-ecaa-11e6-8f88-34363bc7c4c0": {
                                "create": 600000000000,
                                "delete": 600000000000
                            }
                        },
                        "tainted": false
                    },
                    "deposed": [],
                    "provider": "provider.openstack"
                },
                "openstack_networking_floatingip_v2.float-worker": {
                    "type": "openstack_networking_floatingip_v2",
                    "depends_on": [
                        "local.num_workers"
                    ],
                    "primary": {
                        "id": "bc716acb-11ec-4aad-9788-eb64cb9a9aac",
                        "attributes": {
                            "address": "10.25.208.59",
                            "fixed_ip": "192.168.0.3",
                            "id": "bc716acb-11ec-4aad-9788-eb64cb9a9aac",
                            "pool": "public",
                            "port_id": "dacecdfe-db9e-4003-9f04-82963ade6a40",
                            "region": "",
                            "tenant_id": "ec03001087b54d8bbde632673661fece"
                        },
                        "meta": {
                            "e2bfb730-ecaa-11e6-8f88-34363bc7c4c0": {
                                "create": 600000000000,
                                "delete": 600000000000
                            }
                        },
                        "tainted": false
                    },
                    "deposed": [],
                    "provider": "provider.openstack"
                }
            },
            "depends_on": []
        }
    ]
}
